
Microsoft Visual Studio Solution File, Format Version 12.00
# Visual Studio Version 17
VisualStudioVersion = 17.0.31903.59
MinimumVisualStudioVersion = 10.0.40219.1
Project("{FAE04EC0-301F-11D3-BF4B-00C04F79EFBC}") = "Exe06a", "Exe06a\Exe06a.csproj", "{160D2CF3-BFAF-4E80-8C2B-7C97EDCB51E3}"
EndProject
Project("{FAE04EC0-301F-11D3-BF4B-00C04F79EFBC}") = "Exe06b", "Exe06b\Exe06b.csproj", "{CEA6C3DC-8EFB-44FC-9102-DBD1A3FC6E54}"
EndProject
Global
	GlobalSection(SolutionConfigurationPlatforms) = preSolution
		Debug|Any CPU = Debug|Any CPU
		Release|Any CPU = Release|Any CPU
	EndGlobalSection
	GlobalSection(SolutionProperties) = preSolution
		HideSolutionNode = FALSE
	EndGlobalSection
	GlobalSection(ProjectConfigurationPlatforms) = postSolution
		{160D2CF3-BFAF-4E80-8C2B-7C97EDCB51E3}.Debug|Any CPU.ActiveCfg = Debug|Any CPU
		{160D2CF3-BFAF-4E80-8C2B-7C97EDCB51E3}.Debug|Any CPU.Build.0 = Debug|Any CPU
		{160D2CF3-BFAF-4E80-8C2B-7C97EDCB51E3}.Release|Any CPU.ActiveCfg = Release|Any CPU
		{160D2CF3-BFAF-4E80-8C2B-7C97EDCB51E3}.Release|Any CPU.Build.0 = Release|Any CPU
		{CEA6C3DC-8EFB-44FC-9102-DBD1A3FC6E54}.Debug|Any CPU.ActiveCfg = Debug|Any CPU
		{CEA6C3DC-8EFB-44FC-9102-DBD1A3FC6E54}.Debug|Any CPU.Build.0 = Debug|Any CPU
		{CEA6C3DC-8EFB-44FC-9102-DBD1A3FC6E54}.Release|Any CPU.ActiveCfg = Release|Any CPU
		{CEA6C3DC-8EFB-44FC-9102-DBD1A3FC6E54}.Release|Any CPU.Build.0 = Release|Any CPU
	EndGlobalSection
EndGlobal
